
Microsoft Visual Studio Solution File, Format Version 12.00
# Visual Studio Version 16
VisualStudioVersion = 16.0.31205.134
MinimumVisualStudioVersion = 10.0.40219.1
Project("{9092AA53-FB77-4645-B42D-1CCCA6BD08BD}") = "MageNFT", "MageNFT.njsproj", "{F0DA5A4B-4EF1-49EB-84FA-2C2BCF1AFDE0}"
EndProject
Global
	GlobalSection(SolutionConfigurationPlatforms) = preSolution
		Debug|Any CPU = Debug|Any CPU
		Release|Any CPU = Release|Any CPU
	EndGlobalSection
	GlobalSection(ProjectConfigurationPlatforms) = postSolution
		{F0DA5A4B-4EF1-49EB-84FA-2C2BCF1AFDE0}.Debug|Any CPU.ActiveCfg = Debug|Any CPU
		{F0DA5A4B-4EF1-49EB-84FA-2C2BCF1AFDE0}.Debug|Any CPU.Build.0 = Debug|Any CPU
		{F0DA5A4B-4EF1-49EB-84FA-2C2BCF1AFDE0}.Release|Any CPU.ActiveCfg = Release|Any CPU
		{F0DA5A4B-4EF1-49EB-84FA-2C2BCF1AFDE0}.Release|Any CPU.Build.0 = Release|Any CPU
	EndGlobalSection
	GlobalSection(SolutionProperties) = preSolution
		HideSolutionNode = FALSE
	EndGlobalSection
	GlobalSection(ExtensibilityGlobals) = postSolution
		SolutionGuid = {F8AED851-6EEE-4063-815E-D14598775A91}
	EndGlobalSection
EndGlobal
